
Microsoft Visual Studio Solution File, Format Version 12.00
# Visual Studio Version 16
VisualStudioVersion = 16.0.29326.143
MinimumVisualStudioVersion = 10.0.40219.1
Project("{FAE04EC0-301F-11D3-BF4B-00C04F79EFBC}") = "kiemtraketthucmon", "kiemtraketthucmon\kiemtraketthucmon.csproj", "{AFF3824B-B2FD-4982-93C0-358F7AACFA51}"
EndProject
Global
	GlobalSection(SolutionConfigurationPlatforms) = preSolution
		Debug|Any CPU = Debug|Any CPU
		Release|Any CPU = Release|Any CPU
	EndGlobalSection
	GlobalSection(ProjectConfigurationPlatforms) = postSolution
		{AFF3824B-B2FD-4982-93C0-358F7AACFA51}.Debug|Any CPU.ActiveCfg = Debug|Any CPU
		{AFF3824B-B2FD-4982-93C0-358F7AACFA51}.Debug|Any CPU.Build.0 = Debug|Any CPU
		{AFF3824B-B2FD-4982-93C0-358F7AACFA51}.Release|Any CPU.ActiveCfg = Release|Any CPU
		{AFF3824B-B2FD-4982-93C0-358F7AACFA51}.Release|Any CPU.Build.0 = Release|Any CPU
	EndGlobalSection
	GlobalSection(SolutionProperties) = preSolution
		HideSolutionNode = FALSE
	EndGlobalSection
	GlobalSection(ExtensibilityGlobals) = postSolution
		SolutionGuid = {9BAC074F-77F1-4E1B-A609-8BF511848806}
	EndGlobalSection
EndGlobal
